
Microsoft Visual Studio Solution File, Format Version 11.00
# Visual Studio 2010
Project("{FAE04EC0-301F-11D3-BF4B-00C04F79EFBC}") = "Bomberman", "Bomberman\Bomberman\Bomberman.csproj", "{25BF6344-885F-4CC0-99CF-9CE2F95C539A}"
EndProject
Project("{FAE04EC0-301F-11D3-BF4B-00C04F79EFBC}") = "BombermanContent", "Bomberman\BombermanContent\BombermanContent.contentproj", "{C6AEAEDD-8396-4E89-A335-3D8FC84E5675}"
EndProject
Project("{FAE04EC0-301F-11D3-BF4B-00C04F79EFBC}") = "BomberEngineTests", "BomberEngineTests\BomberEngineTests.csproj", "{3503B2D9-C658-4B93-85EF-0D0DAF5B985D}"
EndProject
Project("{2150E333-8FDC-42A3-9474-1A3956D46DE8}") = "Solution Items", "Solution Items", "{F1F6D97D-C080-4D0F-9993-E95F86A2E0E0}"
	ProjectSection(SolutionItems) = preProject
		Bomberman.vsmdi = Bomberman.vsmdi
		Local.testsettings = Local.testsettings
		TraceAndTestImpact.testsettings = TraceAndTestImpact.testsettings
	EndProjectSection
EndProject
Project("{FAE04EC0-301F-11D3-BF4B-00C04F79EFBC}") = "BomberEngine", "BomberEngine\BomberEngine.csproj", "{EB25DAB8-4089-4C9A-A41B-9ECEF8EC1CEF}"
EndProject
Project("{FAE04EC0-301F-11D3-BF4B-00C04F79EFBC}") = "BombermanTests", "BombermanTests\BombermanTests.csproj", "{2B9065EE-F6CD-454F-A03F-D60BDE76848D}"
EndProject
Project("{FAE04EC0-301F-11D3-BF4B-00C04F79EFBC}") = "Lidgren.Network", "Lidgren.Network\Lidgren.Network.csproj", "{49BA1C69-6104-41AC-A5D8-B54FA9F696E8}"
EndProject
Global
	GlobalSection(TestCaseManagementSettings) = postSolution
		CategoryFile = Bomberman.vsmdi
	EndGlobalSection
	GlobalSection(SolutionConfigurationPlatforms) = preSolution
		Debug|Any CPU = Debug|Any CPU
		Debug|Mixed Platforms = Debug|Mixed Platforms
		Debug|x86 = Debug|x86
		Demo|Any CPU = Demo|Any CPU
		Demo|Mixed Platforms = Demo|Mixed Platforms
		Demo|x86 = Demo|x86
		Multiplayer|Any CPU = Multiplayer|Any CPU
		Multiplayer|Mixed Platforms = Multiplayer|Mixed Platforms
		Multiplayer|x86 = Multiplayer|x86
		Mutiplayer Remote|Any CPU = Mutiplayer Remote|Any CPU
		Mutiplayer Remote|Mixed Platforms = Mutiplayer Remote|Mixed Platforms
		Mutiplayer Remote|x86 = Mutiplayer Remote|x86
		Release|Any CPU = Release|Any CPU
		Release|Mixed Platforms = Release|Mixed Platforms
		Release|x86 = Release|x86
		Unit Testing|Any CPU = Unit Testing|Any CPU
		Unit Testing|Mixed Platforms = Unit Testing|Mixed Platforms
		Unit Testing|x86 = Unit Testing|x86
	EndGlobalSection
	GlobalSection(ProjectConfigurationPlatforms) = postSolution
		{25BF6344-885F-4CC0-99CF-9CE2F95C539A}.Debug|Any CPU.ActiveCfg = Debug|x86
		{25BF6344-885F-4CC0-99CF-9CE2F95C539A}.Debug|Mixed Platforms.ActiveCfg = Debug|x86
		{25BF6344-885F-4CC0-99CF-9CE2F95C539A}.Debug|Mixed Platforms.Build.0 = Debug|x86
		{25BF6344-885F-4CC0-99CF-9CE2F95C539A}.Debug|x86.ActiveCfg = Debug|x86
		{25BF6344-885F-4CC0-99CF-9CE2F95C539A}.Debug|x86.Build.0 = Debug|x86
		{25BF6344-885F-4CC0-99CF-9CE2F95C539A}.Demo|Any CPU.ActiveCfg = Demo|x86
		{25BF6344-885F-4CC0-99CF-9CE2F95C539A}.Demo|Mixed Platforms.ActiveCfg = Demo|x86
		{25BF6344-885F-4CC0-99CF-9CE2F95C539A}.Demo|Mixed Platforms.Build.0 = Demo|x86
		{25BF6344-885F-4CC0-99CF-9CE2F95C539A}.Demo|x86.ActiveCfg = Demo|x86
		{25BF6344-885F-4CC0-99CF-9CE2F95C539A}.Demo|x86.Build.0 = Demo|x86
		{25BF6344-885F-4CC0-99CF-9CE2F95C539A}.Multiplayer|Any CPU.ActiveCfg = Multiplayer|x86
		{25BF6344-885F-4CC0-99CF-9CE2F95C539A}.Multiplayer|Mixed Platforms.ActiveCfg = Multiplayer|x86
		{25BF6344-885F-4CC0-99CF-9CE2F95C539A}.Multiplayer|Mixed Platforms.Build.0 = Multiplayer|x86
		{25BF6344-885F-4CC0-99CF-9CE2F95C539A}.Multiplayer|x86.ActiveCfg = Multiplayer|x86
		{25BF6344-885F-4CC0-99CF-9CE2F95C539A}.Multiplayer|x86.Build.0 = Multiplayer|x86
		{25BF6344-885F-4CC0-99CF-9CE2F95C539A}.Mutiplayer Remote|Any CPU.ActiveCfg = Mutiplayer Remote|x86
		{25BF6344-885F-4CC0-99CF-9CE2F95C539A}.Mutiplayer Remote|Mixed Platforms.ActiveCfg = Mutiplayer Remote|x86
		{25BF6344-885F-4CC0-99CF-9CE2F95C539A}.Mutiplayer Remote|Mixed Platforms.Build.0 = Mutiplayer Remote|x86
		{25BF6344-885F-4CC0-99CF-9CE2F95C539A}.Mutiplayer Remote|x86.ActiveCfg = Mutiplayer Remote|x86
		{25BF6344-885F-4CC0-99CF-9CE2F95C539A}.Mutiplayer Remote|x86.Build.0 = Mutiplayer Remote|x86
		{25BF6344-885F-4CC0-99CF-9CE2F95C539A}.Release|Any CPU.ActiveCfg = Release|x86
		{25BF6344-885F-4CC0-99CF-9CE2F95C539A}.Release|Mixed Platforms.ActiveCfg = Release|x86
		{25BF6344-885F-4CC0-99CF-9CE2F95C539A}.Release|Mixed Platforms.Build.0 = Release|x86
		{25BF6344-885F-4CC0-99CF-9CE2F95C539A}.Release|x86.ActiveCfg = Release|x86
		{25BF6344-885F-4CC0-99CF-9CE2F95C539A}.Release|x86.Build.0 = Release|x86
		{25BF6344-885F-4CC0-99CF-9CE2F95C539A}.Unit Testing|Any CPU.ActiveCfg = Debug|x86
		{25BF6344-885F-4CC0-99CF-9CE2F95C539A}.Unit Testing|Mixed Platforms.ActiveCfg = Unit Testing|x86
		{25BF6344-885F-4CC0-99CF-9CE2F95C539A}.Unit Testing|Mixed Platforms.Build.0 = Unit Testing|x86
		{25BF6344-885F-4CC0-99CF-9CE2F95C539A}.Unit Testing|x86.ActiveCfg = Debug|x86
		{25BF6344-885F-4CC0-99CF-9CE2F95C539A}.Unit Testing|x86.Build.0 = Debug|x86
		{C6AEAEDD-8396-4E89-A335-3D8FC84E5675}.Debug|Any CPU.ActiveCfg = Debug|x86
		{C6AEAEDD-8396-4E89-A335-3D8FC84E5675}.Debug|Mixed Platforms.ActiveCfg = Debug|x86
		{C6AEAEDD-8396-4E89-A335-3D8FC84E5675}.Debug|x86.ActiveCfg = Debug|x86
		{C6AEAEDD-8396-4E89-A335-3D8FC84E5675}.Demo|Any CPU.ActiveCfg = Debug|x86
		{C6AEAEDD-8396-4E89-A335-3D8FC84E5675}.Demo|Mixed Platforms.ActiveCfg = Debug|x86
		{C6AEAEDD-8396-4E89-A335-3D8FC84E5675}.Demo|x86.ActiveCfg = Debug|x86
		{C6AEAEDD-8396-4E89-A335-3D8FC84E5675}.Multiplayer|Any CPU.ActiveCfg = Release|x86
		{C6AEAEDD-8396-4E89-A335-3D8FC84E5675}.Multiplayer|Mixed Platforms.ActiveCfg = Release|x86
		{C6AEAEDD-8396-4E89-A335-3D8FC84E5675}.Multiplayer|x86.ActiveCfg = Release|x86
		{C6AEAEDD-8396-4E89-A335-3D8FC84E5675}.Mutiplayer Remote|Any CPU.ActiveCfg = Release|x86
		{C6AEAEDD-8396-4E89-A335-3D8FC84E5675}.Mutiplayer Remote|Mixed Platforms.ActiveCfg = Release|x86
		{C6AEAEDD-8396-4E89-A335-3D8FC84E5675}.Mutiplayer Remote|x86.ActiveCfg = Release|x86
		{C6AEAEDD-8396-4E89-A335-3D8FC84E5675}.Release|Any CPU.ActiveCfg = Release|x86
		{C6AEAEDD-8396-4E89-A335-3D8FC84E5675}.Release|Mixed Platforms.ActiveCfg = Release|x86
		{C6AEAEDD-8396-4E89-A335-3D8FC84E5675}.Release|x86.ActiveCfg = Release|x86
		{C6AEAEDD-8396-4E89-A335-3D8FC84E5675}.Unit Testing|Any CPU.ActiveCfg = Debug|x86
		{C6AEAEDD-8396-4E89-A335-3D8FC84E5675}.Unit Testing|Mixed Platforms.ActiveCfg = Debug|x86
		{C6AEAEDD-8396-4E89-A335-3D8FC84E5675}.Unit Testing|x86.ActiveCfg = Debug|x86
		{3503B2D9-C658-4B93-85EF-0D0DAF5B985D}.Debug|Any CPU.ActiveCfg = Debug|Any CPU
		{3503B2D9-C658-4B93-85EF-0D0DAF5B985D}.Debug|Any CPU.Build.0 = Debug|Any CPU
		{3503B2D9-C658-4B93-85EF-0D0DAF5B985D}.Debug|Mixed Platforms.ActiveCfg = Debug|Any CPU
		{3503B2D9-C658-4B93-85EF-0D0DAF5B985D}.Debug|x86.ActiveCfg = Debug|Any CPU
		{3503B2D9-C658-4B93-85EF-0D0DAF5B985D}.Demo|Any CPU.ActiveCfg = Debug|Any CPU
		{3503B2D9-C658-4B93-85EF-0D0DAF5B985D}.Demo|Any CPU.Build.0 = Debug|Any CPU
		{3503B2D9-C658-4B93-85EF-0D0DAF5B985D}.Demo|Mixed Platforms.ActiveCfg = Debug|Any CPU
		{3503B2D9-C658-4B93-85EF-0D0DAF5B985D}.Demo|x86.ActiveCfg = Debug|Any CPU
		{3503B2D9-C658-4B93-85EF-0D0DAF5B985D}.Multiplayer|Any CPU.ActiveCfg = Release|Any CPU
		{3503B2D9-C658-4B93-85EF-0D0DAF5B985D}.Multiplayer|Any CPU.Build.0 = Release|Any CPU
		{3503B2D9-C658-4B93-85EF-0D0DAF5B985D}.Multiplayer|Mixed Platforms.ActiveCfg = Debug|Any CPU
		{3503B2D9-C658-4B93-85EF-0D0DAF5B985D}.Multiplayer|x86.ActiveCfg = Release|Any CPU
		{3503B2D9-C658-4B93-85EF-0D0DAF5B985D}.Mutiplayer Remote|Any CPU.ActiveCfg = Release|Any CPU
		{3503B2D9-C658-4B93-85EF-0D0DAF5B985D}.Mutiplayer Remote|Any CPU.Build.0 = Release|Any CPU
		{3503B2D9-C658-4B93-85EF-0D0DAF5B985D}.Mutiplayer Remote|Mixed Platforms.ActiveCfg = Debug|Any CPU
		{3503B2D9-C658-4B93-85EF-0D0DAF5B985D}.Mutiplayer Remote|x86.ActiveCfg = Release|Any CPU
		{3503B2D9-C658-4B93-85EF-0D0DAF5B985D}.Release|Any CPU.ActiveCfg = Release|Any CPU
		{3503B2D9-C658-4B93-85EF-0D0DAF5B985D}.Release|Any CPU.Build.0 = Release|Any CPU
		{3503B2D9-C658-4B93-85EF-0D0DAF5B985D}.Release|Mixed Platforms.ActiveCfg = Release|Any CPU
		{3503B2D9-C658-4B93-85EF-0D0DAF5B985D}.Release|x86.ActiveCfg = Release|Any CPU
		{3503B2D9-C658-4B93-85EF-0D0DAF5B985D}.Unit Testing|Any CPU.ActiveCfg = Debug|Any CPU
		{3503B2D9-C658-4B93-85EF-0D0DAF5B985D}.Unit Testing|Any CPU.Build.0 = Debug|Any CPU
		{3503B2D9-C658-4B93-85EF-0D0DAF5B985D}.Unit Testing|Mixed Platforms.ActiveCfg = Debug|Any CPU
		{3503B2D9-C658-4B93-85EF-0D0DAF5B985D}.Unit Testing|Mixed Platforms.Build.0 = Debug|Any CPU
		{3503B2D9-C658-4B93-85EF-0D0DAF5B985D}.Unit Testing|x86.ActiveCfg = Debug|Any CPU
		{EB25DAB8-4089-4C9A-A41B-9ECEF8EC1CEF}.Debug|Any CPU.ActiveCfg = Debug|x86
		{EB25DAB8-4089-4C9A-A41B-9ECEF8EC1CEF}.Debug|Mixed Platforms.ActiveCfg = Debug|x86
		{EB25DAB8-4089-4C9A-A41B-9ECEF8EC1CEF}.Debug|Mixed Platforms.Build.0 = Debug|x86
		{EB25DAB8-4089-4C9A-A41B-9ECEF8EC1CEF}.Debug|x86.ActiveCfg = Debug|x86
		{EB25DAB8-4089-4C9A-A41B-9ECEF8EC1CEF}.Debug|x86.Build.0 = Debug|x86
		{EB25DAB8-4089-4C9A-A41B-9ECEF8EC1CEF}.Demo|Any CPU.ActiveCfg = Debug|x86
		{EB25DAB8-4089-4C9A-A41B-9ECEF8EC1CEF}.Demo|Mixed Platforms.ActiveCfg = Debug|x86
		{EB25DAB8-4089-4C9A-A41B-9ECEF8EC1CEF}.Demo|Mixed Platforms.Build.0 = Debug|x86
		{EB25DAB8-4089-4C9A-A41B-9ECEF8EC1CEF}.Demo|x86.ActiveCfg = Debug|x86
		{EB25DAB8-4089-4C9A-A41B-9ECEF8EC1CEF}.Demo|x86.Build.0 = Debug|x86
		{EB25DAB8-4089-4C9A-A41B-9ECEF8EC1CEF}.Multiplayer|Any CPU.ActiveCfg = Release|x86
		{EB25DAB8-4089-4C9A-A41B-9ECEF8EC1CEF}.Multiplayer|Mixed Platforms.ActiveCfg = Debug|x86
		{EB25DAB8-4089-4C9A-A41B-9ECEF8EC1CEF}.Multiplayer|Mixed Platforms.Build.0 = Debug|x86
		{EB25DAB8-4089-4C9A-A41B-9ECEF8EC1CEF}.Multiplayer|x86.ActiveCfg = Release|x86
		{EB25DAB8-4089-4C9A-A41B-9ECEF8EC1CEF}.Multiplayer|x86.Build.0 = Release|x86
		{EB25DAB8-4089-4C9A-A41B-9ECEF8EC1CEF}.Mutiplayer Remote|Any CPU.ActiveCfg = Unit Testing|x86
		{EB25DAB8-4089-4C9A-A41B-9ECEF8EC1CEF}.Mutiplayer Remote|Mixed Platforms.ActiveCfg = Debug|x86
		{EB25DAB8-4089-4C9A-A41B-9ECEF8EC1CEF}.Mutiplayer Remote|Mixed Platforms.Build.0 = Debug|x86
		{EB25DAB8-4089-4C9A-A41B-9ECEF8EC1CEF}.Mutiplayer Remote|x86.ActiveCfg = Unit Testing|x86
		{EB25DAB8-4089-4C9A-A41B-9ECEF8EC1CEF}.Mutiplayer Remote|x86.Build.0 = Unit Testing|x86
		{EB25DAB8-4089-4C9A-A41B-9ECEF8EC1CEF}.Release|Any CPU.ActiveCfg = Release|x86
		{EB25DAB8-4089-4C9A-A41B-9ECEF8EC1CEF}.Release|Mixed Platforms.ActiveCfg = Release|x86
		{EB25DAB8-4089-4C9A-A41B-9ECEF8EC1CEF}.Release|Mixed Platforms.Build.0 = Release|x86
		{EB25DAB8-4089-4C9A-A41B-9ECEF8EC1CEF}.Release|x86.ActiveCfg = Release|x86
		{EB25DAB8-4089-4C9A-A41B-9ECEF8EC1CEF}.Release|x86.Build.0 = Release|x86
		{EB25DAB8-4089-4C9A-A41B-9ECEF8EC1CEF}.Unit Testing|Any CPU.ActiveCfg = Debug|x86
		{EB25DAB8-4089-4C9A-A41B-9ECEF8EC1CEF}.Unit Testing|Mixed Platforms.ActiveCfg = Unit Testing|x86
		{EB25DAB8-4089-4C9A-A41B-9ECEF8EC1CEF}.Unit Testing|Mixed Platforms.Build.0 = Unit Testing|x86
		{EB25DAB8-4089-4C9A-A41B-9ECEF8EC1CEF}.Unit Testing|x86.ActiveCfg = Debug|x86
		{EB25DAB8-4089-4C9A-A41B-9ECEF8EC1CEF}.Unit Testing|x86.Build.0 = Debug|x86
		{2B9065EE-F6CD-454F-A03F-D60BDE76848D}.Debug|Any CPU.ActiveCfg = Debug|Any CPU
		{2B9065EE-F6CD-454F-A03F-D60BDE76848D}.Debug|Any CPU.Build.0 = Debug|Any CPU
		{2B9065EE-F6CD-454F-A03F-D60BDE76848D}.Debug|Mixed Platforms.ActiveCfg = Debug|Any CPU
		{2B9065EE-F6CD-454F-A03F-D60BDE76848D}.Debug|x86.ActiveCfg = Debug|Any CPU
		{2B9065EE-F6CD-454F-A03F-D60BDE76848D}.Demo|Any CPU.ActiveCfg = Debug|Any CPU
		{2B9065EE-F6CD-454F-A03F-D60BDE76848D}.Demo|Any CPU.Build.0 = Debug|Any CPU
		{2B9065EE-F6CD-454F-A03F-D60BDE76848D}.Demo|Mixed Platforms.ActiveCfg = Debug|Any CPU
		{2B9065EE-F6CD-454F-A03F-D60BDE76848D}.Demo|x86.ActiveCfg = Debug|Any CPU
		{2B9065EE-F6CD-454F-A03F-D60BDE76848D}.Multiplayer|Any CPU.ActiveCfg = Release|Any CPU
		{2B9065EE-F6CD-454F-A03F-D60BDE76848D}.Multiplayer|Any CPU.Build.0 = Release|Any CPU
		{2B9065EE-F6CD-454F-A03F-D60BDE76848D}.Multiplayer|Mixed Platforms.ActiveCfg = Debug|Any CPU
		{2B9065EE-F6CD-454F-A03F-D60BDE76848D}.Multiplayer|x86.ActiveCfg = Release|Any CPU
		{2B9065EE-F6CD-454F-A03F-D60BDE76848D}.Mutiplayer Remote|Any CPU.ActiveCfg = Release|Any CPU
		{2B9065EE-F6CD-454F-A03F-D60BDE76848D}.Mutiplayer Remote|Any CPU.Build.0 = Release|Any CPU
		{2B9065EE-F6CD-454F-A03F-D60BDE76848D}.Mutiplayer Remote|Mixed Platforms.ActiveCfg = Debug|Any CPU
		{2B9065EE-F6CD-454F-A03F-D60BDE76848D}.Mutiplayer Remote|x86.ActiveCfg = Release|Any CPU
		{2B9065EE-F6CD-454F-A03F-D60BDE76848D}.Release|Any CPU.ActiveCfg = Release|Any CPU
		{2B9065EE-F6CD-454F-A03F-D60BDE76848D}.Release|Any CPU.Build.0 = Release|Any CPU
		{2B9065EE-F6CD-454F-A03F-D60BDE76848D}.Release|Mixed Platforms.ActiveCfg = Release|Any CPU
		{2B9065EE-F6CD-454F-A03F-D60BDE76848D}.Release|x86.ActiveCfg = Release|Any CPU
		{2B9065EE-F6CD-454F-A03F-D60BDE76848D}.Unit Testing|Any CPU.ActiveCfg = Debug|Any CPU
		{2B9065EE-F6CD-454F-A03F-D60BDE76848D}.Unit Testing|Any CPU.Build.0 = Debug|Any CPU
		{2B9065EE-F6CD-454F-A03F-D60BDE76848D}.Unit Testing|Mixed Platforms.ActiveCfg = Debug|Any CPU
		{2B9065EE-F6CD-454F-A03F-D60BDE76848D}.Unit Testing|Mixed Platforms.Build.0 = Debug|Any CPU
		{2B9065EE-F6CD-454F-A03F-D60BDE76848D}.Unit Testing|x86.ActiveCfg = Debug|Any CPU
		{49BA1C69-6104-41AC-A5D8-B54FA9F696E8}.Debug|Any CPU.ActiveCfg = Debug|Any CPU
		{49BA1C69-6104-41AC-A5D8-B54FA9F696E8}.Debug|Any CPU.Build.0 = Debug|Any CPU
		{49BA1C69-6104-41AC-A5D8-B54FA9F696E8}.Debug|Mixed Platforms.ActiveCfg = Debug|Any CPU
		{49BA1C69-6104-41AC-A5D8-B54FA9F696E8}.Debug|Mixed Platforms.Build.0 = Debug|Any CPU
		{49BA1C69-6104-41AC-A5D8-B54FA9F696E8}.Debug|x86.ActiveCfg = Debug|Any CPU
		{49BA1C69-6104-41AC-A5D8-B54FA9F696E8}.Demo|Any CPU.ActiveCfg = Debug|Any CPU
		{49BA1C69-6104-41AC-A5D8-B54FA9F696E8}.Demo|Any CPU.Build.0 = Debug|Any CPU
		{49BA1C69-6104-41AC-A5D8-B54FA9F696E8}.Demo|Mixed Platforms.ActiveCfg = Debug|Any CPU
		{49BA1C69-6104-41AC-A5D8-B54FA9F696E8}.Demo|Mixed Platforms.Build.0 = Debug|Any CPU
		{49BA1C69-6104-41AC-A5D8-B54FA9F696E8}.Demo|x86.ActiveCfg = Debug|Any CPU
		{49BA1C69-6104-41AC-A5D8-B54FA9F696E8}.Multiplayer|Any CPU.ActiveCfg = Release|Any CPU
		{49BA1C69-6104-41AC-A5D8-B54FA9F696E8}.Multiplayer|Any CPU.Build.0 = Release|Any CPU
		{49BA1C69-6104-41AC-A5D8-B54FA9F696E8}.Multiplayer|Mixed Platforms.ActiveCfg = Debug|Any CPU
		{49BA1C69-6104-41AC-A5D8-B54FA9F696E8}.Multiplayer|Mixed Platforms.Build.0 = Debug|Any CPU
		{49BA1C69-6104-41AC-A5D8-B54FA9F696E8}.Multiplayer|x86.ActiveCfg = Release|Any CPU
		{49BA1C69-6104-41AC-A5D8-B54FA9F696E8}.Mutiplayer Remote|Any CPU.ActiveCfg = Mutiplayer Remote|Any CPU
		{49BA1C69-6104-41AC-A5D8-B54FA9F696E8}.Mutiplayer Remote|Any CPU.Build.0 = Mutiplayer Remote|Any CPU
		{49BA1C69-6104-41AC-A5D8-B54FA9F696E8}.Mutiplayer Remote|Mixed Platforms.ActiveCfg = Debug|Any CPU
		{49BA1C69-6104-41AC-A5D8-B54FA9F696E8}.Mutiplayer Remote|Mixed Platforms.Build.0 = Debug|Any CPU
		{49BA1C69-6104-41AC-A5D8-B54FA9F696E8}.Mutiplayer Remote|x86.ActiveCfg = Mutiplayer Remote|Any CPU
		{49BA1C69-6104-41AC-A5D8-B54FA9F696E8}.Release|Any CPU.ActiveCfg = Release|Any CPU
		{49BA1C69-6104-41AC-A5D8-B54FA9F696E8}.Release|Any CPU.Build.0 = Release|Any CPU
		{49BA1C69-6104-41AC-A5D8-B54FA9F696E8}.Release|Mixed Platforms.ActiveCfg = Release|Any CPU
		{49BA1C69-6104-41AC-A5D8-B54FA9F696E8}.Release|Mixed Platforms.Build.0 = Release|Any CPU
		{49BA1C69-6104-41AC-A5D8-B54FA9F696E8}.Release|x86.ActiveCfg = Release|Any CPU
		{49BA1C69-6104-41AC-A5D8-B54FA9F696E8}.Unit Testing|Any CPU.ActiveCfg = Debug|Any CPU
		{49BA1C69-6104-41AC-A5D8-B54FA9F696E8}.Unit Testing|Any CPU.Build.0 = Debug|Any CPU
		{49BA1C69-6104-41AC-A5D8-B54FA9F696E8}.Unit Testing|Mixed Platforms.ActiveCfg = Debug|Any CPU
		{49BA1C69-6104-41AC-A5D8-B54FA9F696E8}.Unit Testing|Mixed Platforms.Build.0 = Debug|Any CPU
		{49BA1C69-6104-41AC-A5D8-B54FA9F696E8}.Unit Testing|x86.ActiveCfg = Debug|Any CPU
	EndGlobalSection
	GlobalSection(SolutionProperties) = preSolution
		HideSolutionNode = FALSE
	EndGlobalSection
EndGlobal
